{
  "nodes": {
    "ea": {
      "inputs": {
        "flake-utils": "flake-utils",
        "nixpkgs": "nixpkgs"
      },
      "locked": {
        "lastModified": 1653683978,
        "narHash": "sha256-sK39ZjCMKlSQs1vAwJ5LDHPv0lXLDGRCt0/EOPEq+xM=",
        "owner": "dduan",
        "repo": "ea",
        "rev": "051e2f81f94695582ee7edce2245ab58648fd80c",
        "type": "github"
      },
      "original": {
        "owner": "dduan",
        "repo": "ea",
        "type": "github"
      }
    },
    "flake-utils": {
      "locked": {
        "lastModified": 1648297722,
        "narHash": "sha256-W+qlPsiZd8F3XkzXOzAoR+mpFqzm3ekQkJNa+PIh1BQ=",
        "owner": "numtide",
        "repo": "flake-utils",
        "rev": "0f8662f1319ad6abf89b3380dd2722369fc51ade",
        "type": "github"
      },
      "original": {
        "owner": "numtide",
        "repo": "flake-utils",
        "type": "github"
      }
    },
    "flake-utils_2": {
      "locked": {
        "lastModified": 1642700792,
        "narHash": "sha256-XqHrk7hFb+zBvRg6Ghl+AZDq03ov6OshJLiSWOoX5es=",
        "owner": "numtide",
        "repo": "flake-utils",
        "rev": "846b2ae0fc4cc943637d3d1def4454213e203cba",
        "type": "github"
      },
      "original": {
        "owner": "numtide",
        "repo": "flake-utils",
        "type": "github"
      }
    },
    "home-manager": {
      "inputs": {
        "nixpkgs": [
          "nixpkgs"
        ]
      },
      "locked": {
        "lastModified": 1651519540,
        "narHash": "sha256-3k6p8VsTwwRPQjE8rrMh+o2AZACZn/eeYJ7ivdQ/Iro=",
        "owner": "nix-community",
        "repo": "home-manager",
        "rev": "d93d56ab8c1c6aa575854a79b9d2f69d491db7d0",
        "type": "github"
      },
      "original": {
        "owner": "nix-community",
        "ref": "release-21.11",
        "repo": "home-manager",
        "type": "github"
      }
    },
    "nixpkgs": {
      "locked": {
        "lastModified": 1649541735,
        "narHash": "sha256-JdOywA2jcdGCxNgu0dJA7ZNtaV7sS0HwuZg9YaXd94c=",
        "owner": "nixos",
        "repo": "nixpkgs",
        "rev": "c2b6e029cd1efa0efd37daab89264ef040ae5669",
        "type": "github"
      },
      "original": {
        "owner": "nixos",
        "repo": "nixpkgs",
        "type": "github"
      }
    },
    "nixpkgs-unstable": {
      "locked": {
        "lastModified": 1653635114,
        "narHash": "sha256-rPu6i7XKXw2d9iLHp+5J7VAtEztZ3h0oYMtnvE+obKg=",
        "owner": "nixos",
        "repo": "nixpkgs",
        "rev": "3a4ca363a64fbdc289e290f65aab71ba5a6b5f48",
        "type": "github"
      },
      "original": {
        "owner": "nixos",
        "repo": "nixpkgs",
        "type": "github"
      }
    },
    "nixpkgs_2": {
      "locked": {
        "lastModified": 1653229824,
        "narHash": "sha256-klSCYMpR4TqWYoTD/xZ2qM9UIPRFC6pK+S/kJuVLbFw=",
        "owner": "nixos",
        "repo": "nixpkgs",
        "rev": "06db2e2197401b74fcf82d4e84be15b0b5851c7b",
        "type": "github"
      },
      "original": {
        "owner": "nixos",
        "ref": "nixos-21.11",
        "repo": "nixpkgs",
        "type": "github"
      }
    },
    "nixpkgs_3": {
      "locked": {
        "lastModified": 1652442528,
        "narHash": "sha256-ctD9BdjN7e6cBipm8k9xt+vgwlRApkvuJLSNdaVrphE=",
        "owner": "nixos",
        "repo": "nixpkgs",
        "rev": "79385ae0aacf7e02871cc8af0623123419dd7884",
        "type": "github"
      },
      "original": {
        "owner": "nixos",
        "ref": "nixos-21.11",
        "repo": "nixpkgs",
        "type": "github"
      }
    },
    "root": {
      "inputs": {
        "ea": "ea",
        "home-manager": "home-manager",
        "nixpkgs": "nixpkgs_2",
        "nixpkgs-unstable": "nixpkgs-unstable",
        "tre-command": "tre-command"
      }
    },
    "tre-command": {
      "inputs": {
        "flake-utils": "flake-utils_2",
        "nixpkgs": "nixpkgs_3"
      },
      "locked": {
        "lastModified": 1652581340,
        "narHash": "sha256-jla/wAly1zM7hPl2046twK26DqHIyJTqvIb8t7iBSOg=",
        "owner": "dduan",
        "repo": "tre",
        "rev": "c77aa78746d1f2007f556e76ee79aff23aa98990",
        "type": "github"
      },
      "original": {
        "owner": "dduan",
        "repo": "tre",
        "type": "github"
      }
    }
  },
  "root": "root",
  "version": 7
}
