{
  "nodes": {
    "flake-utils": {
      "locked": {
        "lastModified": 1648297722,
        "narHash": "sha256-W+qlPsiZd8F3XkzXOzAoR+mpFqzm3ekQkJNa+PIh1BQ=",
        "owner": "numtide",
        "repo": "flake-utils",
        "rev": "0f8662f1319ad6abf89b3380dd2722369fc51ade",
        "type": "github"
      },
      "original": {
        "owner": "numtide",
        "repo": "flake-utils",
        "type": "github"
      }
    },
    "nixpkgs": {
      "locked": {
        "lastModified": 1649313840,
        "narHash": "sha256-d23rAnhL08BCc88PxWAhEs/D+Kz3fMW2OTGDXWZSFMI=",
        "owner": "nixos",
        "repo": "nixpkgs",
        "rev": "e387bb3a4d0d63446086abbfbe2117e80fe3522a",
        "type": "github"
      },
      "original": {
        "owner": "nixos",
        "ref": "nixos-21.11",
        "repo": "nixpkgs",
        "type": "github"
      }
    },
    "nixpkgs-unstable": {
      "locked": {
        "lastModified": 1649456724,
        "narHash": "sha256-WKaS0Lgh5nPdGBFn6wOYjLBt0iw6Fk3ovqZ4RHgoptE=",
        "owner": "nixos",
        "repo": "nixpkgs",
        "rev": "f76d87f16d29507abba3eb7635e8183aa7480c9e",
        "type": "github"
      },
      "original": {
        "owner": "nixos",
        "repo": "nixpkgs",
        "type": "github"
      }
    },
    "root": {
      "inputs": {
        "flake-utils": "flake-utils",
        "nixpkgs": "nixpkgs",
        "nixpkgs-unstable": "nixpkgs-unstable"
      }
    }
  },
  "root": "root",
  "version": 7
}
